// !$*UTF8*$!
{
	archiveVersion = 1;
	classes = {
	};
	objectVersion = 46;
	objects = {

/* Begin PBXBuildFile section */
		24369ECD1E47426900129133 /* main.m in Sources */ = {isa = PBXBuildFile; fileRef = 24369ECC1E47426900129133 /* main.m */; };
		24369ED01E47426900129133 /* AppDelegate.m in Sources */ = {isa = PBXBuildFile; fileRef = 24369ECF1E47426900129133 /* AppDelegate.m */; };
		24369ED31E47426900129133 /* ViewController.m in Sources */ = {isa = PBXBuildFile; fileRef = 24369ED21E47426900129133 /* ViewController.m */; };
		24369ED61E47426900129133 /* Main.storyboard in Resources */ = {isa = PBXBuildFile; fileRef = 24369ED41E47426900129133 /* Main.storyboard */; };
		24369ED81E47426900129133 /* Assets.xcassets in Resources */ = {isa = PBXBuildFile; fileRef = 24369ED71E47426900129133 /* Assets.xcassets */; };
		24369EDB1E47426900129133 /* LaunchScreen.storyboard in Resources */ = {isa = PBXBuildFile; fileRef = 24369ED91E47426900129133 /* LaunchScreen.storyboard */; };
		24369EE71E4743E000129133 /* EHPracticeWordCardLayout.m in Sources */ = {isa = PBXBuildFile; fileRef = 24369EE31E4743E000129133 /* EHPracticeWordCardLayout.m */; };
		24369EE81E4743E000129133 /* EHPracticeWordCardView.m in Sources */ = {isa = PBXBuildFile; fileRef = 24369EE51E4743E000129133 /* EHPracticeWordCardView.m */; };
		24369EE91E4743E000129133 /* EHPracticeWordCardView.xib in Resources */ = {isa = PBXBuildFile; fileRef = 24369EE61E4743E000129133 /* EHPracticeWordCardView.xib */; };
		24369EED1E4744D000129133 /* EHPracticeWordCardViewCell.m in Sources */ = {isa = PBXBuildFile; fileRef = 24369EEB1E4744D000129133 /* EHPracticeWordCardViewCell.m */; };
		24369EEE1E4744D000129133 /* EHPracticeWordCardViewCell.xib in Resources */ = {isa = PBXBuildFile; fileRef = 24369EEC1E4744D000129133 /* EHPracticeWordCardViewCell.xib */; };
/* End PBXBuildFile section */

/* Begin PBXFileReference section */
		24369EC81E47426900129133 /* UICollectionViewCellWidthPage.app */ = {isa = PBXFileReference; explicitFileType = wrapper.application; includeInIndex = 0; path = UICollectionViewCellWidthPage.app; sourceTree = BUILT_PRODUCTS_DIR; };
		24369ECC1E47426900129133 /* main.m */ = {isa = PBXFileReference; lastKnownFileType = sourcecode.c.objc; path = main.m; sourceTree = "<group>"; };
		24369ECE1E47426900129133 /* AppDelegate.h */ = {isa = PBXFileReference; lastKnownFileType = sourcecode.c.h; path = AppDelegate.h; sourceTree = "<group>"; };
		24369ECF1E47426900129133 /* AppDelegate.m */ = {isa = PBXFileReference; lastKnownFileType = sourcecode.c.objc; path = AppDelegate.m; sourceTree = "<group>"; };
		24369ED11E47426900129133 /* ViewController.h */ = {isa = PBXFileReference; lastKnownFileType = sourcecode.c.h; path = ViewController.h; sourceTree = "<group>"; };
		24369ED21E47426900129133 /* ViewController.m */ = {isa = PBXFileReference; lastKnownFileType = sourcecode.c.objc; path = ViewController.m; sourceTree = "<group>"; };
		24369ED51E47426900129133 /* Base */ = {isa = PBXFileReference; lastKnownFileType = file.storyboard; name = Base; path = Base.lproj/Main.storyboard; sourceTree = "<group>"; };
		24369ED71E47426900129133 /* Assets.xcassets */ = {isa = PBXFileReference; lastKnownFileType = folder.assetcatalog; path = Assets.xcassets; sourceTree = "<group>"; };
		24369EDA1E47426900129133 /* Base */ = {isa = PBXFileReference; lastKnownFileType = file.storyboard; name = Base; path = Base.lproj/LaunchScreen.storyboard; sourceTree = "<group>"; };
		24369EDC1E47426900129133 /* Info.plist */ = {isa = PBXFileReference; lastKnownFileType = text.plist.xml; path = Info.plist; sourceTree = "<group>"; };
		24369EE21E4743E000129133 /* EHPracticeWordCardLayout.h */ = {isa = PBXFileReference; fileEncoding = 4; lastKnownFileType = sourcecode.c.h; path = EHPracticeWordCardLayout.h; sourceTree = "<group>"; };
		24369EE31E4743E000129133 /* EHPracticeWordCardLayout.m */ = {isa = PBXFileReference; fileEncoding = 4; lastKnownFileType = sourcecode.c.objc; path = EHPracticeWordCardLayout.m; sourceTree = "<group>"; };
		24369EE41E4743E000129133 /* EHPracticeWordCardView.h */ = {isa = PBXFileReference; fileEncoding = 4; lastKnownFileType = sourcecode.c.h; path = EHPracticeWordCardView.h; sourceTree = "<group>"; };
		24369EE51E4743E000129133 /* EHPracticeWordCardView.m */ = {isa = PBXFileReference; fileEncoding = 4; lastKnownFileType = sourcecode.c.objc; path = EHPracticeWordCardView.m; sourceTree = "<group>"; };
		24369EE61E4743E000129133 /* EHPracticeWordCardView.xib */ = {isa = PBXFileReference; fileEncoding = 4; lastKnownFileType = file.xib; path = EHPracticeWordCardView.xib; sourceTree = "<group>"; };
		24369EEA1E4744D000129133 /* EHPracticeWordCardViewCell.h */ = {isa = PBXFileReference; fileEncoding = 4; lastKnownFileType = sourcecode.c.h; path = EHPracticeWordCardViewCell.h; sourceTree = "<group>"; };
		24369EEB1E4744D000129133 /* EHPracticeWordCardViewCell.m */ = {isa = PBXFileReference; fileEncoding = 4; lastKnownFileType = sourcecode.c.objc; path = EHPracticeWordCardViewCell.m; sourceTree = "<group>"; };
		24369EEC1E4744D000129133 /* EHPracticeWordCardViewCell.xib */ = {isa = PBXFileReference; fileEncoding = 4; lastKnownFileType = file.xib; path = EHPracticeWordCardViewCell.xib; sourceTree = "<group>"; };
/* End PBXFileReference section */

/* Begin PBXFrameworksBuildPhase section */
		24369EC51E47426900129133 /* Frameworks */ = {
			isa = PBXFrameworksBuildPhase;
			buildActionMask = 2147483647;
			files = (
			);
			runOnlyForDeploymentPostprocessing = 0;
		};
/* End PBXFrameworksBuildPhase section */

/* Begin PBXGroup section */
		24369EBF1E47426900129133 = {
			isa = PBXGroup;
			children = (
				24369ECA1E47426900129133 /* UICollectionViewCellWidthPage */,
				24369EC91E47426900129133 /* Products */,
			);
			sourceTree = "<group>";
		};
		24369EC91E47426900129133 /* Products */ = {
			isa = PBXGroup;
			children = (
				24369EC81E47426900129133 /* UICollectionViewCellWidthPage.app */,
			);
			name = Products;
			sourceTree = "<group>";
		};
		24369ECA1E47426900129133 /* UICollectionViewCellWidthPage */ = {
			isa = PBXGroup;
			children = (
				24369ECE1E47426900129133 /* AppDelegate.h */,
				24369ECF1E47426900129133 /* AppDelegate.m */,
				24369ED11E47426900129133 /* ViewController.h */,
				24369ED21E47426900129133 /* ViewController.m */,
				24369ED41E47426900129133 /* Main.storyboard */,
				24369EE21E4743E000129133 /* EHPracticeWordCardLayout.h */,
				24369EE31E4743E000129133 /* EHPracticeWordCardLayout.m */,
				24369EE41E4743E000129133 /* EHPracticeWordCardView.h */,
				24369EE51E4743E000129133 /* EHPracticeWordCardView.m */,
				24369EE61E4743E000129133 /* EHPracticeWordCardView.xib */,
				24369EEA1E4744D000129133 /* EHPracticeWordCardViewCell.h */,
				24369EEB1E4744D000129133 /* EHPracticeWordCardViewCell.m */,
				24369EEC1E4744D000129133 /* EHPracticeWordCardViewCell.xib */,
				24369ED71E47426900129133 /* Assets.xcassets */,
				24369ED91E47426900129133 /* LaunchScreen.storyboard */,
				24369EDC1E47426900129133 /* Info.plist */,
				24369ECB1E47426900129133 /* Supporting Files */,
			);
			path = UICollectionViewCellWidthPage;
			sourceTree = "<group>";
		};
		24369ECB1E47426900129133 /* Supporting Files */ = {
			isa = PBXGroup;
			children = (
				24369ECC1E47426900129133 /* main.m */,
			);
			name = "Supporting Files";
			sourceTree = "<group>";
		};
/* End PBXGroup section */

/* Begin PBXNativeTarget section */
		24369EC71E47426900129133 /* UICollectionViewCellWidthPage */ = {
			isa = PBXNativeTarget;
			buildConfigurationList = 24369EDF1E47426900129133 /* Build configuration list for PBXNativeTarget "UICollectionViewCellWidthPage" */;
			buildPhases = (
				24369EC41E47426900129133 /* Sources */,
				24369EC51E47426900129133 /* Frameworks */,
				24369EC61E47426900129133 /* Resources */,
			);
			buildRules = (
			);
			dependencies = (
			);
			name = UICollectionViewCellWidthPage;
			productName = UICollectionViewCellWidthPage;
			productReference = 24369EC81E47426900129133 /* UICollectionViewCellWidthPage.app */;
			productType = "com.apple.product-type.application";
		};
/* End PBXNativeTarget section */

/* Begin PBXProject section */
		24369EC01E47426900129133 /* Project object */ = {
			isa = PBXProject;
			attributes = {
				LastUpgradeCheck = 0820;
				ORGANIZATIONNAME = shun;
				TargetAttributes = {
					24369EC71E47426900129133 = {
						CreatedOnToolsVersion = 8.2.1;
						DevelopmentTeam = W22828H56U;
						ProvisioningStyle = Automatic;
					};
				};
			};
			buildConfigurationList = 24369EC31E47426900129133 /* Build configuration list for PBXProject "UICollectionViewCellWidthPage" */;
			compatibilityVersion = "Xcode 3.2";
			developmentRegion = English;
			hasScannedForEncodings = 0;
			knownRegions = (
				en,
				Base,
			);
			mainGroup = 24369EBF1E47426900129133;
			productRefGroup = 24369EC91E47426900129133 /* Products */;
			projectDirPath = "";
			projectRoot = "";
			targets = (
				24369EC71E47426900129133 /* UICollectionViewCellWidthPage */,
			);
		};
/* End PBXProject section */

/* Begin PBXResourcesBuildPhase section */
		24369EC61E47426900129133 /* Resources */ = {
			isa = PBXResourcesBuildPhase;
			buildActionMask = 2147483647;
			files = (
				24369EE91E4743E000129133 /* EHPracticeWordCardView.xib in Resources */,
				24369EDB1E47426900129133 /* LaunchScreen.storyboard in Resources */,
				24369ED81E47426900129133 /* Assets.xcassets in Resources */,
				24369EEE1E4744D000129133 /* EHPracticeWordCardViewCell.xib in Resources */,
				24369ED61E47426900129133 /* Main.storyboard in Resources */,
			);
			runOnlyForDeploymentPostprocessing = 0;
		};
/* End PBXResourcesBuildPhase section */

/* Begin PBXSourcesBuildPhase section */
		24369EC41E47426900129133 /* Sources */ = {
			isa = PBXSourcesBuildPhase;
			buildActionMask = 2147483647;
			files = (
				24369ED31E47426900129133 /* ViewController.m in Sources */,
				24369EE71E4743E000129133 /* EHPracticeWordCardLayout.m in Sources */,
				24369ED01E47426900129133 /* AppDelegate.m in Sources */,
				24369ECD1E47426900129133 /* main.m in Sources */,
				24369EED1E4744D000129133 /* EHPracticeWordCardViewCell.m in Sources */,
				24369EE81E4743E000129133 /* EHPracticeWordCardView.m in Sources */,
			);
			runOnlyForDeploymentPostprocessing = 0;
		};
/* End PBXSourcesBuildPhase section */

/* Begin PBXVariantGroup section */
		24369ED41E47426900129133 /* Main.storyboard */ = {
			isa = PBXVariantGroup;
			children = (
				24369ED51E47426900129133 /* Base */,
			);
			name = Main.storyboard;
			sourceTree = "<group>";
		};
		24369ED91E47426900129133 /* LaunchScreen.storyboard */ = {
			isa = PBXVariantGroup;
			children = (
				24369EDA1E47426900129133 /* Base */,
			);
			name = LaunchScreen.storyboard;
			sourceTree = "<group>";
		};
/* End PBXVariantGroup section */

/* Begin XCBuildConfiguration section */
		24369EDD1E47426900129133 /* Debug */ = {
			isa = XCBuildConfiguration;
			buildSettings = {
				ALWAYS_SEARCH_USER_PATHS = NO;
				CLANG_ANALYZER_NONNULL = YES;
				CLANG_CXX_LANGUAGE_STANDARD = "gnu++0x";
				CLANG_CXX_LIBRARY = "libc++";
				CLANG_ENABLE_MODULES = YES;
				CLANG_ENABLE_OBJC_ARC = YES;
				CLANG_WARN_BOOL_CONVERSION = YES;
				CLANG_WARN_CONSTANT_CONVERSION = YES;
				CLANG_WARN_DIRECT_OBJC_ISA_USAGE = YES_ERROR;
				CLANG_WARN_DOCUMENTATION_COMMENTS = YES;
				CLANG_WARN_EMPTY_BODY = YES;
				CLANG_WARN_ENUM_CONVERSION = YES;
				CLANG_WARN_INFINITE_RECURSION = YES;
				CLANG_WARN_INT_CONVERSION = YES;
				CLANG_WARN_OBJC_ROOT_CLASS = YES_ERROR;
				CLANG_WARN_SUSPICIOUS_MOVE = YES;
				CLANG_WARN_UNREACHABLE_CODE = YES;
				CLANG_WARN__DUPLICATE_METHOD_MATCH = YES;
				"CODE_SIGN_IDENTITY[sdk=iphoneos*]" = "iPhone Developer";
				COPY_PHASE_STRIP = NO;
				DEBUG_INFORMATION_FORMAT = dwarf;
				ENABLE_STRICT_OBJC_MSGSEND = YES;
				ENABLE_TESTABILITY = YES;
				GCC_C_LANGUAGE_STANDARD = gnu99;
				GCC_DYNAMIC_NO_PIC = NO;
				GCC_NO_COMMON_BLOCKS = YES;
				GCC_OPTIMIZATION_LEVEL = 0;
				GCC_PREPROCESSOR_DEFINITIONS = (
					"DEBUG=1",
					"$(inherited)",
				);
				GCC_WARN_64_TO_32_BIT_CONVERSION = YES;
				GCC_WARN_ABOUT_RETURN_TYPE = YES_ERROR;
				GCC_WARN_UNDECLARED_SELECTOR = YES;
				GCC_WARN_UNINITIALIZED_AUTOS = YES_AGGRESSIVE;
				GCC_WARN_UNUSED_FUNCTION = YES;
				GCC_WARN_UNUSED_VARIABLE = YES;
				IPHONEOS_DEPLOYMENT_TARGET = 10.2;
				MTL_ENABLE_DEBUG_INFO = YES;
				ONLY_ACTIVE_ARCH = YES;
				SDKROOT = iphoneos;
				TARGETED_DEVICE_FAMILY = "1,2";
			};
			name = Debug;
		};
		24369EDE1E47426900129133 /* Release */ = {
			isa = XCBuildConfiguration;
			buildSettings = {
				ALWAYS_SEARCH_USER_PATHS = NO;
				CLANG_ANALYZER_NONNULL = YES;
				CLANG_CXX_LANGUAGE_STANDARD = "gnu++0x";
				CLANG_CXX_LIBRARY = "libc++";
				CLANG_ENABLE_MODULES = YES;
				CLANG_ENABLE_OBJC_ARC = YES;
				CLANG_WARN_BOOL_CONVERSION = YES;
				CLANG_WARN_CONSTANT_CONVERSION = YES;
				CLANG_WARN_DIRECT_OBJC_ISA_USAGE = YES_ERROR;
				CLANG_WARN_DOCUMENTATION_COMMENTS = YES;
				CLANG_WARN_EMPTY_BODY = YES;
				CLANG_WARN_ENUM_CONVERSION = YES;
				CLANG_WARN_INFINITE_RECURSION = YES;
				CLANG_WARN_INT_CONVERSION = YES;
				CLANG_WARN_OBJC_ROOT_CLASS = YES_ERROR;
				CLANG_WARN_SUSPICIOUS_MOVE = YES;
				CLANG_WARN_UNREACHABLE_CODE = YES;
				CLANG_WARN__DUPLICATE_METHOD_MATCH = YES;
				"CODE_SIGN_IDENTITY[sdk=iphoneos*]" = "iPhone Developer";
				COPY_PHASE_STRIP = NO;
				DEBUG_INFORMATION_FORMAT = "dwarf-with-dsym";
				ENABLE_NS_ASSERTIONS = NO;
				ENABLE_STRICT_OBJC_MSGSEND = YES;
				GCC_C_LANGUAGE_STANDARD = gnu99;
				GCC_NO_COMMON_BLOCKS = YES;
				GCC_WARN_64_TO_32_BIT_CONVERSION = YES;
				GCC_WARN_ABOUT_RETURN_TYPE = YES_ERROR;
				GCC_WARN_UNDECLARED_SELECTOR = YES;
				GCC_WARN_UNINITIALIZED_AUTOS = YES_AGGRESSIVE;
				GCC_WARN_UNUSED_FUNCTION = YES;
				GCC_WARN_UNUSED_VARIABLE = YES;
				IPHONEOS_DEPLOYMENT_TARGET = 10.2;
				MTL_ENABLE_DEBUG_INFO = NO;
				SDKROOT = iphoneos;
				TARGETED_DEVICE_FAMILY = "1,2";
				VALIDATE_PRODUCT = YES;
			};
			name = Release;
		};
		24369EE01E47426900129133 /* Debug */ = {
			isa = XCBuildConfiguration;
			buildSettings = {
				ASSETCATALOG_COMPILER_APPICON_NAME = AppIcon;
				DEVELOPMENT_TEAM = W22828H56U;
				INFOPLIST_FILE = UICollectionViewCellWidthPage/Info.plist;
				IPHONEOS_DEPLOYMENT_TARGET = 8.0;
				LD_RUNPATH_SEARCH_PATHS = "$(inherited) @executable_path/Frameworks";
				PRODUCT_BUNDLE_IDENTIFIER = com.ws.test.UICollectionViewCellWidthPage;
				PRODUCT_NAME = "$(TARGET_NAME)";
			};
			name = Debug;
		};
		24369EE11E47426900129133 /* Release */ = {
			isa = XCBuildConfiguration;
			buildSettings = {
				ASSETCATALOG_COMPILER_APPICON_NAME = AppIcon;
				DEVELOPMENT_TEAM = W22828H56U;
				INFOPLIST_FILE = UICollectionViewCellWidthPage/Info.plist;
				IPHONEOS_DEPLOYMENT_TARGET = 8.0;
				LD_RUNPATH_SEARCH_PATHS = "$(inherited) @executable_path/Frameworks";
				PRODUCT_BUNDLE_IDENTIFIER = com.ws.test.UICollectionViewCellWidthPage;
				PRODUCT_NAME = "$(TARGET_NAME)";
			};
			name = Release;
		};
/* End XCBuildConfiguration section */

/* Begin XCConfigurationList section */
		24369EC31E47426900129133 /* Build configuration list for PBXProject "UICollectionViewCellWidthPage" */ = {
			isa = XCConfigurationList;
			buildConfigurations = (
				24369EDD1E47426900129133 /* Debug */,
				24369EDE1E47426900129133 /* Release */,
			);
			defaultConfigurationIsVisible = 0;
			defaultConfigurationName = Release;
		};
		24369EDF1E47426900129133 /* Build configuration list for PBXNativeTarget "UICollectionViewCellWidthPage" */ = {
			isa = XCConfigurationList;
			buildConfigurations = (
				24369EE01E47426900129133 /* Debug */,
				24369EE11E47426900129133 /* Release */,
			);
			defaultConfigurationIsVisible = 0;
			defaultConfigurationName = Release;
		};
/* End XCConfigurationList section */
	};
	rootObject = 24369EC01E47426900129133 /* Project object */;
}
